// !$*UTF8*$!
{
	archiveVersion = 1;
	classes = {
	};
	objectVersion = 46;
	objects = {

/* Begin PBXBuildFile section */
		7500F66D1A16299D009DA3F4 /* DoneViewController.swift in Sources */ = {isa = PBXBuildFile; fileRef = 7500F66C1A16299D009DA3F4 /* DoneViewController.swift */; };
		7500F66F1A168067009DA3F4 /* SweetAlert.swift in Sources */ = {isa = PBXBuildFile; fileRef = 7500F66E1A168067009DA3F4 /* SweetAlert.swift */; };
		75163B921A1533300052E7E6 /* FontStylingsViewController.swift in Sources */ = {isa = PBXBuildFile; fileRef = 75163B911A1533300052E7E6 /* FontStylingsViewController.swift */; };
		751EE5931A29DE1700C0604F /* SwifteriOS.framework in Frameworks */ = {isa = PBXBuildFile; fileRef = 751EE58C1A29DDD500C0604F /* SwifteriOS.framework */; };
		751EE5941A29DE3B00C0604F /* SwifteriOS.framework in Frameworks */ = {isa = PBXBuildFile; fileRef = 751EE58C1A29DDD500C0604F /* SwifteriOS.framework */; };
		751EE5951A29DE3B00C0604F /* SwifteriOS.framework in Embed Frameworks */ = {isa = PBXBuildFile; fileRef = 751EE58C1A29DDD500C0604F /* SwifteriOS.framework */; settings = {ATTRIBUTES = (CodeSignOnCopy, RemoveHeadersOnCopy, ); }; };
		754AE04B1A2796D1006E2F9C /* MKButton.swift in Sources */ = {isa = PBXBuildFile; fileRef = 754AE0481A2796D1006E2F9C /* MKButton.swift */; };
		754AE04C1A2796D1006E2F9C /* MKColor.swift in Sources */ = {isa = PBXBuildFile; fileRef = 754AE0491A2796D1006E2F9C /* MKColor.swift */; };
		754AE04D1A2796D1006E2F9C /* MKLayer.swift in Sources */ = {isa = PBXBuildFile; fileRef = 754AE04A1A2796D1006E2F9C /* MKLayer.swift */; };
		754AE04F1A27A69C006E2F9C /* JSSAlertView.swift in Sources */ = {isa = PBXBuildFile; fileRef = 754AE04E1A27A69C006E2F9C /* JSSAlertView.swift */; };
		759675601A09022800406914 /* AppDelegate.swift in Sources */ = {isa = PBXBuildFile; fileRef = 7596755F1A09022800406914 /* AppDelegate.swift */; };
		759675621A09022800406914 /* ViewController.swift in Sources */ = {isa = PBXBuildFile; fileRef = 759675611A09022800406914 /* ViewController.swift */; };
		759675651A09022800406914 /* Main.storyboard in Resources */ = {isa = PBXBuildFile; fileRef = 759675631A09022800406914 /* Main.storyboard */; };
		759675671A09022800406914 /* Images.xcassets in Resources */ = {isa = PBXBuildFile; fileRef = 759675661A09022800406914 /* Images.xcassets */; };
		759675761A09022800406914 /* PickerTests.swift in Sources */ = {isa = PBXBuildFile; fileRef = 759675751A09022800406914 /* PickerTests.swift */; };
		75BE67601A176689004ACE6E /* SideBar.swift in Sources */ = {isa = PBXBuildFile; fileRef = 75BE675E1A176689004ACE6E /* SideBar.swift */; };
		75BE67611A176689004ACE6E /* SideBarTableViewController.swift in Sources */ = {isa = PBXBuildFile; fileRef = 75BE675F1A176689004ACE6E /* SideBarTableViewController.swift */; };
/* End PBXBuildFile section */

/* Begin PBXContainerItemProxy section */
		751EE5891A29DDD500C0604F /* PBXContainerItemProxy */ = {
			isa = PBXContainerItemProxy;
			containerPortal = 751EE5811A29DDD400C0604F /* Swifter.xcodeproj */;
			proxyType = 2;
			remoteGlobalIDString = 8B300C1F1944AA1A00993175;
			remoteInfo = SwifterDemoiOS;
		};
		751EE58B1A29DDD500C0604F /* PBXContainerItemProxy */ = {
			isa = PBXContainerItemProxy;
			containerPortal = 751EE5811A29DDD400C0604F /* Swifter.xcodeproj */;
			proxyType = 2;
			remoteGlobalIDString = 8B9F50EE1944A5AB00894629;
			remoteInfo = SwifteriOS;
		};
		751EE58D1A29DDD500C0604F /* PBXContainerItemProxy */ = {
			isa = PBXContainerItemProxy;
			containerPortal = 751EE5811A29DDD400C0604F /* Swifter.xcodeproj */;
			proxyType = 2;
			remoteGlobalIDString = 8B9F51131944A61D00894629;
			remoteInfo = SwifterMac;
		};
		751EE58F1A29DDD500C0604F /* PBXContainerItemProxy */ = {
			isa = PBXContainerItemProxy;
			containerPortal = 751EE5811A29DDD400C0604F /* Swifter.xcodeproj */;
			proxyType = 2;
			remoteGlobalIDString = 8B300C471944AECB00993175;
			remoteInfo = SwifterDemoMac;
		};
		751EE5911A29DDD500C0604F /* PBXContainerItemProxy */ = {
			isa = PBXContainerItemProxy;
			containerPortal = 751EE5811A29DDD400C0604F /* Swifter.xcodeproj */;
			proxyType = 2;
			remoteGlobalIDString = 8B300C5A1944AECB00993175;
			remoteInfo = SwifterDemoMacTests;
		};
		751EE5961A29DE3B00C0604F /* PBXContainerItemProxy */ = {
			isa = PBXContainerItemProxy;
			containerPortal = 751EE5811A29DDD400C0604F /* Swifter.xcodeproj */;
			proxyType = 1;
			remoteGlobalIDString = 8B9F50ED1944A5AB00894629;
			remoteInfo = SwifteriOS;
		};
		759675701A09022800406914 /* PBXContainerItemProxy */ = {
			isa = PBXContainerItemProxy;
			containerPortal = 759675521A09022800406914 /* Project object */;
			proxyType = 1;
			remoteGlobalIDString = 759675591A09022800406914;
			remoteInfo = Picker;
		};
/* End PBXContainerItemProxy section */

/* Begin PBXCopyFilesBuildPhase section */
		751EE5981A29DE3B00C0604F /* Embed Frameworks */ = {
			isa = PBXCopyFilesBuildPhase;
			buildActionMask = 2147483647;
			dstPath = "";
			dstSubfolderSpec = 10;
			files = (
				751EE5951A29DE3B00C0604F /* SwifteriOS.framework in Embed Frameworks */,
			);
			name = "Embed Frameworks";
			runOnlyForDeploymentPostprocessing = 0;
		};
/* End PBXCopyFilesBuildPhase section */

/* Begin PBXFileReference section */
		7500F66C1A16299D009DA3F4 /* DoneViewController.swift */ = {isa = PBXFileReference; fileEncoding = 4; lastKnownFileType = sourcecode.swift; path = DoneViewController.swift; sourceTree = "<group>"; };
		7500F66E1A168067009DA3F4 /* SweetAlert.swift */ = {isa = PBXFileReference; fileEncoding = 4; lastKnownFileType = sourcecode.swift; path = SweetAlert.swift; sourceTree = "<group>"; };
		75163B911A1533300052E7E6 /* FontStylingsViewController.swift */ = {isa = PBXFileReference; fileEncoding = 4; lastKnownFileType = sourcecode.swift; path = FontStylingsViewController.swift; sourceTree = "<group>"; };
		751EE5811A29DDD400C0604F /* Swifter.xcodeproj */ = {isa = PBXFileReference; lastKnownFileType = "wrapper.pb-project"; name = Swifter.xcodeproj; path = "../../../../../Swift Git/Swifter/Swifter/Swifter.xcodeproj"; sourceTree = "<group>"; };
		754AE0481A2796D1006E2F9C /* MKButton.swift */ = {isa = PBXFileReference; fileEncoding = 4; lastKnownFileType = sourcecode.swift; path = MKButton.swift; sourceTree = "<group>"; };
		754AE0491A2796D1006E2F9C /* MKColor.swift */ = {isa = PBXFileReference; fileEncoding = 4; lastKnownFileType = sourcecode.swift; path = MKColor.swift; sourceTree = "<group>"; };
		754AE04A1A2796D1006E2F9C /* MKLayer.swift */ = {isa = PBXFileReference; fileEncoding = 4; lastKnownFileType = sourcecode.swift; path = MKLayer.swift; sourceTree = "<group>"; };
		754AE04E1A27A69C006E2F9C /* JSSAlertView.swift */ = {isa = PBXFileReference; fileEncoding = 4; lastKnownFileType = sourcecode.swift; path = JSSAlertView.swift; sourceTree = "<group>"; };
		7596755A1A09022800406914 /* Picker.app */ = {isa = PBXFileReference; explicitFileType = wrapper.application; includeInIndex = 0; path = Picker.app; sourceTree = BUILT_PRODUCTS_DIR; };
		7596755E1A09022800406914 /* Info.plist */ = {isa = PBXFileReference; lastKnownFileType = text.plist.xml; path = Info.plist; sourceTree = "<group>"; };
		7596755F1A09022800406914 /* AppDelegate.swift */ = {isa = PBXFileReference; lastKnownFileType = sourcecode.swift; path = AppDelegate.swift; sourceTree = "<group>"; };
		759675611A09022800406914 /* ViewController.swift */ = {isa = PBXFileReference; lastKnownFileType = sourcecode.swift; path = ViewController.swift; sourceTree = "<group>"; };
		759675641A09022800406914 /* Base */ = {isa = PBXFileReference; lastKnownFileType = file.storyboard; name = Base; path = Base.lproj/Main.storyboard; sourceTree = "<group>"; };
		759675661A09022800406914 /* Images.xcassets */ = {isa = PBXFileReference; lastKnownFileType = folder.assetcatalog; path = Images.xcassets; sourceTree = "<group>"; };
		7596756F1A09022800406914 /* PickerTests.xctest */ = {isa = PBXFileReference; explicitFileType = wrapper.cfbundle; includeInIndex = 0; path = PickerTests.xctest; sourceTree = BUILT_PRODUCTS_DIR; };
		759675741A09022800406914 /* Info.plist */ = {isa = PBXFileReference; lastKnownFileType = text.plist.xml; path = Info.plist; sourceTree = "<group>"; };
		759675751A09022800406914 /* PickerTests.swift */ = {isa = PBXFileReference; lastKnownFileType = sourcecode.swift; path = PickerTests.swift; sourceTree = "<group>"; };
		75BE675E1A176689004ACE6E /* SideBar.swift */ = {isa = PBXFileReference; fileEncoding = 4; lastKnownFileType = sourcecode.swift; path = SideBar.swift; sourceTree = "<group>"; };
		75BE675F1A176689004ACE6E /* SideBarTableViewController.swift */ = {isa = PBXFileReference; fileEncoding = 4; lastKnownFileType = sourcecode.swift; path = SideBarTableViewController.swift; sourceTree = "<group>"; };
/* End PBXFileReference section */

/* Begin PBXFrameworksBuildPhase section */
		759675571A09022800406914 /* Frameworks */ = {
			isa = PBXFrameworksBuildPhase;
			buildActionMask = 2147483647;
			files = (
				751EE5931A29DE1700C0604F /* SwifteriOS.framework in Frameworks */,
				751EE5941A29DE3B00C0604F /* SwifteriOS.framework in Frameworks */,
			);
			runOnlyForDeploymentPostprocessing = 0;
		};
		7596756C1A09022800406914 /* Frameworks */ = {
			isa = PBXFrameworksBuildPhase;
			buildActionMask = 2147483647;
			files = (
			);
			runOnlyForDeploymentPostprocessing = 0;
		};
/* End PBXFrameworksBuildPhase section */

/* Begin PBXGroup section */
		751EE5821A29DDD400C0604F /* Products */ = {
			isa = PBXGroup;
			children = (
				751EE58A1A29DDD500C0604F /* SwifterDemoiOS.app */,
				751EE58C1A29DDD500C0604F /* SwifteriOS.framework */,
				751EE58E1A29DDD500C0604F /* SwifterMac.framework */,
				751EE5901A29DDD500C0604F /* SwifterDemoMac.app */,
				751EE5921A29DDD500C0604F /* SwifterDemoMacTests.xctest */,
			);
			name = Products;
			sourceTree = "<group>";
		};
		759675511A09022800406914 = {
			isa = PBXGroup;
			children = (
				7596755C1A09022800406914 /* Picker */,
				759675721A09022800406914 /* PickerTests */,
				7596755B1A09022800406914 /* Products */,
				751EE5811A29DDD400C0604F /* Swifter.xcodeproj */,
			);
			sourceTree = "<group>";
		};
		7596755B1A09022800406914 /* Products */ = {
			isa = PBXGroup;
			children = (
				7596755A1A09022800406914 /* Picker.app */,
				7596756F1A09022800406914 /* PickerTests.xctest */,
			);
			name = Products;
			sourceTree = "<group>";
		};
		7596755C1A09022800406914 /* Picker */ = {
			isa = PBXGroup;
			children = (
				7596755F1A09022800406914 /* AppDelegate.swift */,
				759675611A09022800406914 /* ViewController.swift */,
				759675631A09022800406914 /* Main.storyboard */,
				75BE675E1A176689004ACE6E /* SideBar.swift */,
				75BE675F1A176689004ACE6E /* SideBarTableViewController.swift */,
				75163B911A1533300052E7E6 /* FontStylingsViewController.swift */,
				754AE0481A2796D1006E2F9C /* MKButton.swift */,
				754AE0491A2796D1006E2F9C /* MKColor.swift */,
				754AE04A1A2796D1006E2F9C /* MKLayer.swift */,
				7500F66C1A16299D009DA3F4 /* DoneViewController.swift */,
				754AE04E1A27A69C006E2F9C /* JSSAlertView.swift */,
				7500F66E1A168067009DA3F4 /* SweetAlert.swift */,
				759675661A09022800406914 /* Images.xcassets */,
				7596755D1A09022800406914 /* Supporting Files */,
			);
			path = Picker;
			sourceTree = "<group>";
		};
		7596755D1A09022800406914 /* Supporting Files */ = {
			isa = PBXGroup;
			children = (
				7596755E1A09022800406914 /* Info.plist */,
			);
			name = "Supporting Files";
			sourceTree = "<group>";
		};
		759675721A09022800406914 /* PickerTests */ = {
			isa = PBXGroup;
			children = (
				759675751A09022800406914 /* PickerTests.swift */,
				759675731A09022800406914 /* Supporting Files */,
			);
			path = PickerTests;
			sourceTree = "<group>";
		};
		759675731A09022800406914 /* Supporting Files */ = {
			isa = PBXGroup;
			children = (
				759675741A09022800406914 /* Info.plist */,
			);
			name = "Supporting Files";
			sourceTree = "<group>";
		};
/* End PBXGroup section */

/* Begin PBXNativeTarget section */
		759675591A09022800406914 /* Picker */ = {
			isa = PBXNativeTarget;
			buildConfigurationList = 759675791A09022800406914 /* Build configuration list for PBXNativeTarget "Picker" */;
			buildPhases = (
				759675561A09022800406914 /* Sources */,
				759675571A09022800406914 /* Frameworks */,
				759675581A09022800406914 /* Resources */,
				751EE5981A29DE3B00C0604F /* Embed Frameworks */,
			);
			buildRules = (
			);
			dependencies = (
				751EE5971A29DE3B00C0604F /* PBXTargetDependency */,
			);
			name = Picker;
			productName = Picker;
			productReference = 7596755A1A09022800406914 /* Picker.app */;
			productType = "com.apple.product-type.application";
		};
		7596756E1A09022800406914 /* PickerTests */ = {
			isa = PBXNativeTarget;
			buildConfigurationList = 7596757C1A09022800406914 /* Build configuration list for PBXNativeTarget "PickerTests" */;
			buildPhases = (
				7596756B1A09022800406914 /* Sources */,
				7596756C1A09022800406914 /* Frameworks */,
				7596756D1A09022800406914 /* Resources */,
			);
			buildRules = (
			);
			dependencies = (
				759675711A09022800406914 /* PBXTargetDependency */,
			);
			name = PickerTests;
			productName = PickerTests;
			productReference = 7596756F1A09022800406914 /* PickerTests.xctest */;
			productType = "com.apple.product-type.bundle.unit-test";
		};
/* End PBXNativeTarget section */

/* Begin PBXProject section */
		759675521A09022800406914 /* Project object */ = {
			isa = PBXProject;
			attributes = {
				LastUpgradeCheck = 0610;
				ORGANIZATIONNAME = Haroon;
				TargetAttributes = {
					759675591A09022800406914 = {
						CreatedOnToolsVersion = 6.1;
						DevelopmentTeam = SJ49GZ2K5L;
					};
					7596756E1A09022800406914 = {
						CreatedOnToolsVersion = 6.1;
						TestTargetID = 759675591A09022800406914;
					};
				};
			};
			buildConfigurationList = 759675551A09022800406914 /* Build configuration list for PBXProject "Picker" */;
			compatibilityVersion = "Xcode 3.2";
			developmentRegion = English;
			hasScannedForEncodings = 0;
			knownRegions = (
				en,
				Base,
			);
			mainGroup = 759675511A09022800406914;
			productRefGroup = 7596755B1A09022800406914 /* Products */;
			projectDirPath = "";
			projectReferences = (
				{
					ProductGroup = 751EE5821A29DDD400C0604F /* Products */;
					ProjectRef = 751EE5811A29DDD400C0604F /* Swifter.xcodeproj */;
				},
			);
			projectRoot = "";
			targets = (
				759675591A09022800406914 /* Picker */,
				7596756E1A09022800406914 /* PickerTests */,
			);
		};
/* End PBXProject section */

/* Begin PBXReferenceProxy section */
		751EE58A1A29DDD500C0604F /* SwifterDemoiOS.app */ = {
			isa = PBXReferenceProxy;
			fileType = wrapper.application;
			path = SwifterDemoiOS.app;
			remoteRef = 751EE5891A29DDD500C0604F /* PBXContainerItemProxy */;
			sourceTree = BUILT_PRODUCTS_DIR;
		};
		751EE58C1A29DDD500C0604F /* SwifteriOS.framework */ = {
			isa = PBXReferenceProxy;
			fileType = wrapper.framework;
			path = SwifteriOS.framework;
			remoteRef = 751EE58B1A29DDD500C0604F /* PBXContainerItemProxy */;
			sourceTree = BUILT_PRODUCTS_DIR;
		};
		751EE58E1A29DDD500C0604F /* SwifterMac.framework */ = {
			isa = PBXReferenceProxy;
			fileType = wrapper.framework;
			path = SwifterMac.framework;
			remoteRef = 751EE58D1A29DDD500C0604F /* PBXContainerItemProxy */;
			sourceTree = BUILT_PRODUCTS_DIR;
		};
		751EE5901A29DDD500C0604F /* SwifterDemoMac.app */ = {
			isa = PBXReferenceProxy;
			fileType = wrapper.application;
			path = SwifterDemoMac.app;
			remoteRef = 751EE58F1A29DDD500C0604F /* PBXContainerItemProxy */;
			sourceTree = BUILT_PRODUCTS_DIR;
		};
		751EE5921A29DDD500C0604F /* SwifterDemoMacTests.xctest */ = {
			isa = PBXReferenceProxy;
			fileType = wrapper.cfbundle;
			path = SwifterDemoMacTests.xctest;
			remoteRef = 751EE5911A29DDD500C0604F /* PBXContainerItemProxy */;
			sourceTree = BUILT_PRODUCTS_DIR;
		};
/* End PBXReferenceProxy section */

/* Begin PBXResourcesBuildPhase section */
		759675581A09022800406914 /* Resources */ = {
			isa = PBXResourcesBuildPhase;
			buildActionMask = 2147483647;
			files = (
				759675651A09022800406914 /* Main.storyboard in Resources */,
				759675671A09022800406914 /* Images.xcassets in Resources */,
			);
			runOnlyForDeploymentPostprocessing = 0;
		};
		7596756D1A09022800406914 /* Resources */ = {
			isa = PBXResourcesBuildPhase;
			buildActionMask = 2147483647;
			files = (
			);
			runOnlyForDeploymentPostprocessing = 0;
		};
/* End PBXResourcesBuildPhase section */

/* Begin PBXSourcesBuildPhase section */
		759675561A09022800406914 /* Sources */ = {
			isa = PBXSourcesBuildPhase;
			buildActionMask = 2147483647;
			files = (
				75BE67611A176689004ACE6E /* SideBarTableViewController.swift in Sources */,
				754AE04D1A2796D1006E2F9C /* MKLayer.swift in Sources */,
				7500F66D1A16299D009DA3F4 /* DoneViewController.swift in Sources */,
				7500F66F1A168067009DA3F4 /* SweetAlert.swift in Sources */,
				754AE04C1A2796D1006E2F9C /* MKColor.swift in Sources */,
				759675621A09022800406914 /* ViewController.swift in Sources */,
				754AE04F1A27A69C006E2F9C /* JSSAlertView.swift in Sources */,
				759675601A09022800406914 /* AppDelegate.swift in Sources */,
				754AE04B1A2796D1006E2F9C /* MKButton.swift in Sources */,
				75BE67601A176689004ACE6E /* SideBar.swift in Sources */,
				75163B921A1533300052E7E6 /* FontStylingsViewController.swift in Sources */,
			);
			runOnlyForDeploymentPostprocessing = 0;
		};
		7596756B1A09022800406914 /* Sources */ = {
			isa = PBXSourcesBuildPhase;
			buildActionMask = 2147483647;
			files = (
				759675761A09022800406914 /* PickerTests.swift in Sources */,
			);
			runOnlyForDeploymentPostprocessing = 0;
		};
/* End PBXSourcesBuildPhase section */

/* Begin PBXTargetDependency section */
		751EE5971A29DE3B00C0604F /* PBXTargetDependency */ = {
			isa = PBXTargetDependency;
			name = SwifteriOS;
			targetProxy = 751EE5961A29DE3B00C0604F /* PBXContainerItemProxy */;
		};
		759675711A09022800406914 /* PBXTargetDependency */ = {
			isa = PBXTargetDependency;
			target = 759675591A09022800406914 /* Picker */;
			targetProxy = 759675701A09022800406914 /* PBXContainerItemProxy */;
		};
/* End PBXTargetDependency section */

/* Begin PBXVariantGroup section */
		759675631A09022800406914 /* Main.storyboard */ = {
			isa = PBXVariantGroup;
			children = (
				759675641A09022800406914 /* Base */,
			);
			name = Main.storyboard;
			sourceTree = "<group>";
		};
/* End PBXVariantGroup section */

/* Begin XCBuildConfiguration section */
		759675771A09022800406914 /* Debug */ = {
			isa = XCBuildConfiguration;
			buildSettings = {
				ALWAYS_SEARCH_USER_PATHS = NO;
				CLANG_CXX_LANGUAGE_STANDARD = "gnu++0x";
				CLANG_CXX_LIBRARY = "libc++";
				CLANG_ENABLE_MODULES = YES;
				CLANG_ENABLE_OBJC_ARC = YES;
				CLANG_WARN_BOOL_CONVERSION = YES;
				CLANG_WARN_CONSTANT_CONVERSION = YES;
				CLANG_WARN_DIRECT_OBJC_ISA_USAGE = YES_ERROR;
				CLANG_WARN_EMPTY_BODY = YES;
				CLANG_WARN_ENUM_CONVERSION = YES;
				CLANG_WARN_INT_CONVERSION = YES;
				CLANG_WARN_OBJC_ROOT_CLASS = YES_ERROR;
				CLANG_WARN_UNREACHABLE_CODE = YES;
				CLANG_WARN__DUPLICATE_METHOD_MATCH = YES;
				"CODE_SIGN_IDENTITY[sdk=iphoneos*]" = "iPhone Developer";
				COPY_PHASE_STRIP = NO;
				ENABLE_STRICT_OBJC_MSGSEND = YES;
				GCC_C_LANGUAGE_STANDARD = gnu99;
				GCC_DYNAMIC_NO_PIC = NO;
				GCC_OPTIMIZATION_LEVEL = 0;
				GCC_PREPROCESSOR_DEFINITIONS = (
					"DEBUG=1",
					"$(inherited)",
				);
				GCC_SYMBOLS_PRIVATE_EXTERN = NO;
				GCC_WARN_64_TO_32_BIT_CONVERSION = YES;
				GCC_WARN_ABOUT_RETURN_TYPE = YES_ERROR;
				GCC_WARN_UNDECLARED_SELECTOR = YES;
				GCC_WARN_UNINITIALIZED_AUTOS = YES_AGGRESSIVE;
				GCC_WARN_UNUSED_FUNCTION = YES;
				GCC_WARN_UNUSED_VARIABLE = YES;
				IPHONEOS_DEPLOYMENT_TARGET = 8.1;
				MTL_ENABLE_DEBUG_INFO = YES;
				ONLY_ACTIVE_ARCH = YES;
				SDKROOT = iphoneos;
				SWIFT_OPTIMIZATION_LEVEL = "-Onone";
			};
			name = Debug;
		};
		759675781A09022800406914 /* Release */ = {
			isa = XCBuildConfiguration;
			buildSettings = {
				ALWAYS_SEARCH_USER_PATHS = NO;
				CLANG_CXX_LANGUAGE_STANDARD = "gnu++0x";
				CLANG_CXX_LIBRARY = "libc++";
				CLANG_ENABLE_MODULES = YES;
				CLANG_ENABLE_OBJC_ARC = YES;
				CLANG_WARN_BOOL_CONVERSION = YES;
				CLANG_WARN_CONSTANT_CONVERSION = YES;
				CLANG_WARN_DIRECT_OBJC_ISA_USAGE = YES_ERROR;
				CLANG_WARN_EMPTY_BODY = YES;
				CLANG_WARN_ENUM_CONVERSION = YES;
				CLANG_WARN_INT_CONVERSION = YES;
				CLANG_WARN_OBJC_ROOT_CLASS = YES_ERROR;
				CLANG_WARN_UNREACHABLE_CODE = YES;
				CLANG_WARN__DUPLICATE_METHOD_MATCH = YES;
				"CODE_SIGN_IDENTITY[sdk=iphoneos*]" = "iPhone Developer";
				COPY_PHASE_STRIP = YES;
				ENABLE_NS_ASSERTIONS = NO;
				ENABLE_STRICT_OBJC_MSGSEND = YES;
				GCC_C_LANGUAGE_STANDARD = gnu99;
				GCC_WARN_64_TO_32_BIT_CONVERSION = YES;
				GCC_WARN_ABOUT_RETURN_TYPE = YES_ERROR;
				GCC_WARN_UNDECLARED_SELECTOR = YES;
				GCC_WARN_UNINITIALIZED_AUTOS = YES_AGGRESSIVE;
				GCC_WARN_UNUSED_FUNCTION = YES;
				GCC_WARN_UNUSED_VARIABLE = YES;
				IPHONEOS_DEPLOYMENT_TARGET = 8.1;
				MTL_ENABLE_DEBUG_INFO = NO;
				SDKROOT = iphoneos;
				VALIDATE_PRODUCT = YES;
			};
			name = Release;
		};
		7596757A1A09022800406914 /* Debug */ = {
			isa = XCBuildConfiguration;
			buildSettings = {
				ASSETCATALOG_COMPILER_APPICON_NAME = AppIcon;
				ASSETCATALOG_COMPILER_LAUNCHIMAGE_NAME = LaunchImage;
				CODE_SIGN_IDENTITY = "iPhone Developer";
				EMBEDDED_CONTENT_CONTAINS_SWIFT = YES;
				INFOPLIST_FILE = Picker/Info.plist;
				LD_RUNPATH_SEARCH_PATHS = "$(inherited) @executable_path/Frameworks";
				PRODUCT_NAME = "$(TARGET_NAME)";
				TARGETED_DEVICE_FAMILY = "1,2";
			};
			name = Debug;
		};
		7596757B1A09022800406914 /* Release */ = {
			isa = XCBuildConfiguration;
			buildSettings = {
				ASSETCATALOG_COMPILER_APPICON_NAME = AppIcon;
				ASSETCATALOG_COMPILER_LAUNCHIMAGE_NAME = LaunchImage;
				CODE_SIGN_IDENTITY = "iPhone Developer";
				EMBEDDED_CONTENT_CONTAINS_SWIFT = YES;
				INFOPLIST_FILE = Picker/Info.plist;
				LD_RUNPATH_SEARCH_PATHS = "$(inherited) @executable_path/Frameworks";
				PRODUCT_NAME = "$(TARGET_NAME)";
				TARGETED_DEVICE_FAMILY = "1,2";
			};
			name = Release;
		};
		7596757D1A09022800406914 /* Debug */ = {
			isa = XCBuildConfiguration;
			buildSettings = {
				BUNDLE_LOADER = "$(TEST_HOST)";
				FRAMEWORK_SEARCH_PATHS = (
					"$(SDKROOT)/Developer/Library/Frameworks",
					"$(inherited)",
				);
				GCC_PREPROCESSOR_DEFINITIONS = (
					"DEBUG=1",
					"$(inherited)",
				);
				INFOPLIST_FILE = PickerTests/Info.plist;
				LD_RUNPATH_SEARCH_PATHS = "$(inherited) @executable_path/Frameworks @loader_path/Frameworks";
				PRODUCT_NAME = "$(TARGET_NAME)";
				TEST_HOST = "$(BUILT_PRODUCTS_DIR)/Picker.app/Picker";
			};
			name = Debug;
		};
		7596757E1A09022800406914 /* Release */ = {
			isa = XCBuildConfiguration;
			buildSettings = {
				BUNDLE_LOADER = "$(TEST_HOST)";
				FRAMEWORK_SEARCH_PATHS = (
					"$(SDKROOT)/Developer/Library/Frameworks",
					"$(inherited)",
				);
				INFOPLIST_FILE = PickerTests/Info.plist;
				LD_RUNPATH_SEARCH_PATHS = "$(inherited) @executable_path/Frameworks @loader_path/Frameworks";
				PRODUCT_NAME = "$(TARGET_NAME)";
				TEST_HOST = "$(BUILT_PRODUCTS_DIR)/Picker.app/Picker";
			};
			name = Release;
		};
/* End XCBuildConfiguration section */

/* Begin XCConfigurationList section */
		759675551A09022800406914 /* Build configuration list for PBXProject "Picker" */ = {
			isa = XCConfigurationList;
			buildConfigurations = (
				759675771A09022800406914 /* Debug */,
				759675781A09022800406914 /* Release */,
			);
			defaultConfigurationIsVisible = 0;
			defaultConfigurationName = Release;
		};
		759675791A09022800406914 /* Build configuration list for PBXNativeTarget "Picker" */ = {
			isa = XCConfigurationList;
			buildConfigurations = (
				7596757A1A09022800406914 /* Debug */,
				7596757B1A09022800406914 /* Release */,
			);
			defaultConfigurationIsVisible = 0;
			defaultConfigurationName = Release;
		};
		7596757C1A09022800406914 /* Build configuration list for PBXNativeTarget "PickerTests" */ = {
			isa = XCConfigurationList;
			buildConfigurations = (
				7596757D1A09022800406914 /* Debug */,
				7596757E1A09022800406914 /* Release */,
			);
			defaultConfigurationIsVisible = 0;
			defaultConfigurationName = Release;
		};
/* End XCConfigurationList section */
	};
	rootObject = 759675521A09022800406914 /* Project object */;
}
